PODS:
  - Realm (2.1.0):
    - Realm/Headers (= 2.1.0)
  - Realm/Headers (2.1.0)
  - RealmSwift (2.1.0):
    - Realm (= 2.1.0)
  - SwiftDate (4.0.7)

DEPENDENCIES:
  - RealmSwift
  - SwiftDate

SPEC CHECKSUMS:
  Realm: bc829ad0ef3d4eea70c34cfcc3b1704d18d50df1
  RealmSwift: a4d4abbf0088c337cab5b738054395842e4b3052
  SwiftDate: 0efb04a6751b1ab804049b2b09a69848cd304c12

PODFILE CHECKSUM: 3bdfa2cb02d36e4e06b2a72a9dc7dfedc1f661c3

COCOAPODS: 1.1.1
