PODS:
  - DKChainableAnimationKit (2.0.0)
  - Realm (2.1.1):
    - Realm/Headers (= 2.1.1)
  - Realm/Headers (2.1.1)
  - RealmSwift (2.1.1):
    - Realm (= 2.1.1)
  - SwiftDate (4.0.8)

DEPENDENCIES:
  - DKChainableAnimationKit (~> 2.0.0)
  - RealmSwift
  - SwiftDate

SPEC CHECKSUMS:
  DKChainableAnimationKit: b9e079381d6e059f8a1f969223d16e3970ec3545
  Realm: a55959c0b171a5fe5267406d17f314fec3cefaae
  RealmSwift: 749fd955bf8d6471c21d218b9389a47aaeccfe3f
  SwiftDate: 9aa3259d8850d818bec02802f8f05aa9a8c26fdb

PODFILE CHECKSUM: 8ba0c760167525b9505e9301a6688020ba5fceb6

COCOAPODS: 1.1.1
